{
  "version": 4,
  "terraform_version": "1.13.3",
  "serial": 17,
  "lineage": "52cccd91-798b-0696-7da1-68237e006c36",
  "outputs": {},
  "resources": [
    {
      "mode": "managed",
      "type": "azurerm_linux_web_app",
      "name": "webapp",
      "provider": "provider[\"registry.terraform.io/hashicorp/azurerm\"]",
      "instances": [
        {
          "schema_version": 1,
          "attributes": {
            "app_settings": {
              "WEBSITES_PORT": "3000"
            },
            "auth_settings": [],
            "auth_settings_v2": [],
            "backup": [],
            "client_affinity_enabled": false,
            "client_certificate_enabled": false,
            "client_certificate_exclusion_paths": "",
            "client_certificate_mode": "Required",
            "connection_string": [],
            "custom_domain_verification_id": "E8F3AA83BB3A59B32A1DD1BD88376CAE81F9CF7ADF4F40042FE424C33FF6506F",
            "default_hostname": "mycontacts-api-app.azurewebsites.net",
            "enabled": true,
            "ftp_publish_basic_authentication_enabled": true,
            "hosting_environment_id": "",
            "https_only": false,
            "id": "/subscriptions/ca3df25a-1f5d-482a-8e7a-9db49cf05af6/resourceGroups/rg-mycontacts-api/providers/Microsoft.Web/sites/mycontacts-api-app",
            "identity": [],
            "key_vault_reference_identity_id": "SystemAssigned",
            "kind": "app,linux,container",
            "location": "eastus",
            "logs": [],
            "name": "mycontacts-api-app",
            "outbound_ip_address_list": [
              "172.171.169.220",
              "172.171.170.17",
              "172.171.170.31",
              "172.171.170.59",
              "172.171.170.88",
              "172.171.170.100",
              "172.214.1.199",
              "172.214.7.229",
              "172.171.168.210",
              "172.171.168.222",
              "172.171.168.232",
              "172.171.168.237",
              "20.119.16.59"
            ],
            "outbound_ip_addresses": "172.171.169.220,172.171.170.17,172.171.170.31,172.171.170.59,172.171.170.88,172.171.170.100,172.214.1.199,172.214.7.229,172.171.168.210,172.171.168.222,172.171.168.232,172.171.168.237,20.119.16.59",
            "possible_outbound_ip_address_list": [
              "172.171.169.220",
              "172.171.170.17",
              "172.171.170.31",
              "172.171.170.59",
              "172.171.170.88",
              "172.171.170.100",
              "172.214.1.199",
              "172.214.7.229",
              "172.171.168.210",
              "172.171.168.222",
              "172.171.168.232",
              "172.171.168.237",
              "172.214.3.199",
              "172.171.168.239",
              "172.214.2.4",
              "172.214.7.94",
              "172.214.3.127",
              "172.214.7.109",
              "172.171.168.252",
              "172.214.4.108",
              "172.171.169.22",
              "172.171.169.83",
              "172.171.169.215",
              "172.214.4.200",
              "172.171.170.118",
              "172.171.170.125",
              "172.171.170.184",
              "172.171.170.216",
              "172.171.170.218",
              "172.171.170.251",
              "20.119.16.59"
            ],
            "possible_outbound_ip_addresses": "172.171.169.220,172.171.170.17,172.171.170.31,172.171.170.59,172.171.170.88,172.171.170.100,172.214.1.199,172.214.7.229,172.171.168.210,172.171.168.222,172.171.168.232,172.171.168.237,172.214.3.199,172.171.168.239,172.214.2.4,172.214.7.94,172.214.3.127,172.214.7.109,172.171.168.252,172.214.4.108,172.171.169.22,172.171.169.83,172.171.169.215,172.214.4.200,172.171.170.118,172.171.170.125,172.171.170.184,172.171.170.216,172.171.170.218,172.171.170.251,20.119.16.59",
            "public_network_access_enabled": true,
            "resource_group_name": "rg-mycontacts-api",
            "service_plan_id": "/subscriptions/ca3df25a-1f5d-482a-8e7a-9db49cf05af6/resourceGroups/rg-mycontacts-api/providers/Microsoft.Web/serverFarms/plan-mycontacts-api",
            "site_config": [
              {
                "always_on": true,
                "api_definition_url": "",
                "api_management_api_id": "",
                "app_command_line": "",
                "application_stack": [
                  {
                    "docker_image": "anfelipegalvis/api-mycontacts",
                    "docker_image_name": "",
                    "docker_image_tag": "latest",
                    "docker_registry_password": "",
                    "docker_registry_url": "",
                    "docker_registry_username": "",
                    "dotnet_version": "",
                    "go_version": "",
                    "java_server": "",
                    "java_server_version": "",
                    "java_version": "",
                    "node_version": "",
                    "php_version": "",
                    "python_version": "",
                    "ruby_version": ""
                  }
                ],
                "auto_heal_enabled": false,
                "auto_heal_setting": [],
                "container_registry_managed_identity_client_id": "",
                "container_registry_use_managed_identity": false,
                "cors": [],
                "default_documents": [
                  "Default.htm",
                  "Default.html",
                  "Default.asp",
                  "index.htm",
                  "index.html",
                  "iisstart.htm",
                  "default.aspx",
                  "index.php",
                  "hostingstart.html"
                ],
                "detailed_error_logging_enabled": false,
                "ftps_state": "Disabled",
                "health_check_eviction_time_in_min": 0,
                "health_check_path": "",
                "http2_enabled": false,
                "ip_restriction": [],
                "ip_restriction_default_action": "Allow",
                "linux_fx_version": "DOCKER|anfelipegalvis/api-mycontacts:latest",
                "load_balancing_mode": "LeastRequests",
                "local_mysql_enabled": false,
                "managed_pipeline_mode": "Integrated",
                "minimum_tls_version": "1.2",
                "remote_debugging_enabled": false,
                "remote_debugging_version": "VS2022",
                "scm_ip_restriction": [],
                "scm_ip_restriction_default_action": "Allow",
                "scm_minimum_tls_version": "1.2",
                "scm_type": "None",
                "scm_use_main_ip_restriction": false,
                "use_32_bit_worker": true,
                "vnet_route_all_enabled": false,
                "websockets_enabled": false,
                "worker_count": 1
              }
            ],
            "site_credential": [
              {
                "name": "$mycontacts-api-app",
                "password": "ZEoMEY5Qkdgqo7LEPKfAJA1qj58YcMuBvpSbFti2CLng1b9EK4N6iRHGHXDr"
              }
            ],
            "sticky_settings": [],
            "storage_account": [],
            "tags": null,
            "timeouts": null,
            "virtual_network_subnet_id": "",
            "webdeploy_publish_basic_authentication_enabled": true,
            "zip_deploy_file": ""
          },
          "sensitive_attributes": [
            [
              {
                "type": "get_attr",
                "value": "custom_domain_verification_id"
              }
            ],
            [
              {
                "type": "get_attr",
                "value": "site_config"
              },
              {
                "type": "index",
                "value": {
                  "value": 0,
                  "type": "number"
                }
              },
              {
                "type": "get_attr",
                "value": "application_stack"
              },
              {
                "type": "index",
                "value": {
                  "value": 0,
                  "type": "number"
                }
              },
              {
                "type": "get_attr",
                "value": "docker_registry_password"
              }
            ],
            [
              {
                "type": "get_attr",
                "value": "site_credential"
              }
            ]
          ],
          "identity_schema_version": 0,
          "private": "eyJlMmJmYjczMC1lY2FhLTExZTYtOGY4OC0zNDM2M2JjN2M0YzAiOnsiY3JlYXRlIjoxODAwMDAwMDAwMDAwLCJkZWxldGUiOjE4MDAwMDAwMDAwMDAsInJlYWQiOjMwMDAwMDAwMDAwMCwidXBkYXRlIjoxODAwMDAwMDAwMDAwfSwic2NoZW1hX3ZlcnNpb24iOiIxIn0=",
          "dependencies": [
            "azurerm_resource_group.rg",
            "azurerm_service_plan.app_plan"
          ]
        }
      ]
    },
    {
      "mode": "managed",
      "type": "azurerm_resource_group",
      "name": "rg",
      "provider": "provider[\"registry.terraform.io/hashicorp/azurerm\"]",
      "instances": [
        {
          "schema_version": 0,
          "attributes": {
            "id": "/subscriptions/ca3df25a-1f5d-482a-8e7a-9db49cf05af6/resourceGroups/rg-mycontacts-api",
            "location": "eastus",
            "managed_by": "",
            "name": "rg-mycontacts-api",
            "tags": null,
            "timeouts": null
          },
          "sensitive_attributes": [],
          "identity_schema_version": 0,
          "private": "eyJlMmJmYjczMC1lY2FhLTExZTYtOGY4OC0zNDM2M2JjN2M0YzAiOnsiY3JlYXRlIjo1NDAwMDAwMDAwMDAwLCJkZWxldGUiOjU0MDAwMDAwMDAwMDAsInJlYWQiOjMwMDAwMDAwMDAwMCwidXBkYXRlIjo1NDAwMDAwMDAwMDAwfX0="
        }
      ]
    },
    {
      "mode": "managed",
      "type": "azurerm_service_plan",
      "name": "app_plan",
      "provider": "provider[\"registry.terraform.io/hashicorp/azurerm\"]",
      "instances": [
        {
          "schema_version": 1,
          "attributes": {
            "app_service_environment_id": "",
            "id": "/subscriptions/ca3df25a-1f5d-482a-8e7a-9db49cf05af6/resourceGroups/rg-mycontacts-api/providers/Microsoft.Web/serverFarms/plan-mycontacts-api",
            "kind": "linux",
            "location": "eastus",
            "maximum_elastic_worker_count": 1,
            "name": "plan-mycontacts-api",
            "os_type": "Linux",
            "per_site_scaling_enabled": false,
            "reserved": true,
            "resource_group_name": "rg-mycontacts-api",
            "sku_name": "B1",
            "tags": null,
            "timeouts": null,
            "worker_count": 1,
            "zone_balancing_enabled": false
          },
          "sensitive_attributes": [],
          "identity_schema_version": 0,
          "private": "eyJlMmJmYjczMC1lY2FhLTExZTYtOGY4OC0zNDM2M2JjN2M0YzAiOnsiY3JlYXRlIjozNjAwMDAwMDAwMDAwLCJkZWxldGUiOjM2MDAwMDAwMDAwMDAsInJlYWQiOjMwMDAwMDAwMDAwMCwidXBkYXRlIjozNjAwMDAwMDAwMDAwfSwic2NoZW1hX3ZlcnNpb24iOiIxIn0=",
          "dependencies": [
            "azurerm_resource_group.rg"
          ]
        }
      ]
    }
  ],
  "check_results": null
}
