{
  "version": 4,
  "terraform_version": "1.13.3",
  "serial": 26,
  "lineage": "52cccd91-798b-0696-7da1-68237e006c36",
  "outputs": {},
  "resources": [
    {
      "mode": "managed",
      "type": "azurerm_application_insights",
      "name": "appinsights",
      "provider": "provider[\"registry.terraform.io/hashicorp/azurerm\"]",
      "instances": [
        {
          "schema_version": 2,
          "attributes": {
            "app_id": "b73feafa-b528-4804-8cad-07fec5c7abf9",
            "application_type": "web",
            "connection_string": "InstrumentationKey=474c846e-9a3d-43d2-a480-7431ae083aa4;IngestionEndpoint=https://eastus-8.in.applicationinsights.azure.com/;LiveEndpoint=https://eastus.livediagnostics.monitor.azure.com/;ApplicationId=b73feafa-b528-4804-8cad-07fec5c7abf9",
            "daily_data_cap_in_gb": 100,
            "daily_data_cap_notifications_disabled": false,
            "disable_ip_masking": false,
            "force_customer_storage_for_profiler": false,
            "id": "/subscriptions/ca3df25a-1f5d-482a-8e7a-9db49cf05af6/resourceGroups/rg-mycontacts-api/providers/Microsoft.Insights/components/appi-mycontacts",
            "instrumentation_key": "474c846e-9a3d-43d2-a480-7431ae083aa4",
            "internet_ingestion_enabled": true,
            "internet_query_enabled": true,
            "local_authentication_disabled": false,
            "location": "eastus",
            "name": "appi-mycontacts",
            "resource_group_name": "rg-mycontacts-api",
            "retention_in_days": 90,
            "sampling_percentage": 100,
            "tags": null,
            "timeouts": null,
            "workspace_id": "/subscriptions/ca3df25a-1f5d-482a-8e7a-9db49cf05af6/resourceGroups/ai_appi-mycontacts_b73feafa-b528-4804-8cad-07fec5c7abf9_managed/providers/Microsoft.OperationalInsights/workspaces/managed-appi-mycontacts-ws"
          },
          "sensitive_attributes": [
            [
              {
                "type": "get_attr",
                "value": "connection_string"
              }
            ],
            [
              {
                "type": "get_attr",
                "value": "instrumentation_key"
              }
            ]
          ],
          "identity_schema_version": 0,
          "private": "eyJlMmJmYjczMC1lY2FhLTExZTYtOGY4OC0zNDM2M2JjN2M0YzAiOnsiY3JlYXRlIjozNjAwMDAwMDAwMDAwLCJkZWxldGUiOjE4MDAwMDAwMDAwMDAsInJlYWQiOjMwMDAwMDAwMDAwMCwidXBkYXRlIjoxODAwMDAwMDAwMDAwfSwic2NoZW1hX3ZlcnNpb24iOiIyIn0=",
          "dependencies": [
            "azurerm_resource_group.rg"
          ]
        }
      ]
    },
    {
      "mode": "managed",
      "type": "azurerm_linux_web_app",
      "name": "webapp",
      "provider": "provider[\"registry.terraform.io/hashicorp/azurerm\"]",
      "instances": [
        {
          "schema_version": 1,
          "attributes": {
            "app_settings": {
              "APPLICATIONINSIGHTS_CONNECTION_STRING": "InstrumentationKey=474c846e-9a3d-43d2-a480-7431ae083aa4;IngestionEndpoint=https://eastus-8.in.applicationinsights.azure.com/;LiveEndpoint=https://eastus.livediagnostics.monitor.azure.com/;ApplicationId=b73feafa-b528-4804-8cad-07fec5c7abf9",
              "WEBSITES_PORT": "3000"
            },
            "auth_settings": [],
            "auth_settings_v2": [],
            "backup": [],
            "client_affinity_enabled": false,
            "client_certificate_enabled": false,
            "client_certificate_exclusion_paths": "",
            "client_certificate_mode": "Required",
            "connection_string": [],
            "custom_domain_verification_id": "E8F3AA83BB3A59B32A1DD1BD88376CAE81F9CF7ADF4F40042FE424C33FF6506F",
            "default_hostname": "mycontacts-api-app.azurewebsites.net",
            "enabled": true,
            "ftp_publish_basic_authentication_enabled": true,
            "hosting_environment_id": "",
            "https_only": false,
            "id": "/subscriptions/ca3df25a-1f5d-482a-8e7a-9db49cf05af6/resourceGroups/rg-mycontacts-api/providers/Microsoft.Web/sites/mycontacts-api-app",
            "identity": [],
            "key_vault_reference_identity_id": "SystemAssigned",
            "kind": "app,linux,container",
            "location": "eastus",
            "logs": [],
            "name": "mycontacts-api-app",
            "outbound_ip_address_list": [
              "52.151.220.65",
              "52.151.220.76",
              "52.151.220.92",
              "52.151.220.113",
              "52.151.220.203",
              "52.151.220.211",
              "20.119.16.24"
            ],
            "outbound_ip_addresses": "52.151.220.65,52.151.220.76,52.151.220.92,52.151.220.113,52.151.220.203,52.151.220.211,20.119.16.24",
            "possible_outbound_ip_address_list": [
              "52.151.220.65",
              "52.151.220.76",
              "52.151.220.92",
              "52.151.220.113",
              "52.151.220.203",
              "52.151.220.211",
              "52.151.221.61",
              "52.151.221.107",
              "52.151.221.137",
              "52.151.221.182",
              "52.151.221.201",
              "52.151.221.227",
              "52.151.221.228",
              "52.151.221.247",
              "52.151.222.80",
              "52.151.222.84",
              "52.151.222.148",
              "52.151.222.203",
              "52.151.222.214",
              "52.151.222.216",
              "52.151.223.28",
              "52.151.223.64",
              "52.151.223.71",
              "52.151.223.138",
              "20.119.16.24"
            ],
            "possible_outbound_ip_addresses": "52.151.220.65,52.151.220.76,52.151.220.92,52.151.220.113,52.151.220.203,52.151.220.211,52.151.221.61,52.151.221.107,52.151.221.137,52.151.221.182,52.151.221.201,52.151.221.227,52.151.221.228,52.151.221.247,52.151.222.80,52.151.222.84,52.151.222.148,52.151.222.203,52.151.222.214,52.151.222.216,52.151.223.28,52.151.223.64,52.151.223.71,52.151.223.138,20.119.16.24",
            "public_network_access_enabled": true,
            "resource_group_name": "rg-mycontacts-api",
            "service_plan_id": "/subscriptions/ca3df25a-1f5d-482a-8e7a-9db49cf05af6/resourceGroups/rg-mycontacts-api/providers/Microsoft.Web/serverFarms/plan-mycontacts-api",
            "site_config": [
              {
                "always_on": true,
                "api_definition_url": "",
                "api_management_api_id": "",
                "app_command_line": "",
                "application_stack": [
                  {
                    "docker_image": "anfelipegalvis/api-mycontacts",
                    "docker_image_name": "",
                    "docker_image_tag": "latest",
                    "docker_registry_password": "",
                    "docker_registry_url": "",
                    "docker_registry_username": "",
                    "dotnet_version": "",
                    "go_version": "",
                    "java_server": "",
                    "java_server_version": "",
                    "java_version": "",
                    "node_version": "",
                    "php_version": "",
                    "python_version": "",
                    "ruby_version": ""
                  }
                ],
                "auto_heal_enabled": false,
                "auto_heal_setting": [],
                "container_registry_managed_identity_client_id": "",
                "container_registry_use_managed_identity": false,
                "cors": [],
                "default_documents": [
                  "Default.htm",
                  "Default.html",
                  "Default.asp",
                  "index.htm",
                  "index.html",
                  "iisstart.htm",
                  "default.aspx",
                  "index.php",
                  "hostingstart.html"
                ],
                "detailed_error_logging_enabled": false,
                "ftps_state": "Disabled",
                "health_check_eviction_time_in_min": 0,
                "health_check_path": "",
                "http2_enabled": false,
                "ip_restriction": [],
                "ip_restriction_default_action": "Allow",
                "linux_fx_version": "DOCKER|anfelipegalvis/api-mycontacts:latest",
                "load_balancing_mode": "LeastRequests",
                "local_mysql_enabled": false,
                "managed_pipeline_mode": "Integrated",
                "minimum_tls_version": "1.2",
                "remote_debugging_enabled": false,
                "remote_debugging_version": "VS2022",
                "scm_ip_restriction": [],
                "scm_ip_restriction_default_action": "Allow",
                "scm_minimum_tls_version": "1.2",
                "scm_type": "None",
                "scm_use_main_ip_restriction": false,
                "use_32_bit_worker": true,
                "vnet_route_all_enabled": false,
                "websockets_enabled": false,
                "worker_count": 1
              }
            ],
            "site_credential": [
              {
                "name": "$mycontacts-api-app",
                "password": "wXJGPk8sqTgWthvjMMTRERS16ayGNF1bbchdxwZM5sa4XadyrYzAiwQhDCPy"
              }
            ],
            "sticky_settings": [],
            "storage_account": [],
            "tags": null,
            "timeouts": null,
            "virtual_network_subnet_id": "",
            "webdeploy_publish_basic_authentication_enabled": true,
            "zip_deploy_file": ""
          },
          "sensitive_attributes": [
            [
              {
                "type": "get_attr",
                "value": "app_settings"
              },
              {
                "type": "index",
                "value": {
                  "value": "APPLICATIONINSIGHTS_CONNECTION_STRING",
                  "type": "string"
                }
              }
            ],
            [
              {
                "type": "get_attr",
                "value": "custom_domain_verification_id"
              }
            ],
            [
              {
                "type": "get_attr",
                "value": "site_config"
              },
              {
                "type": "index",
                "value": {
                  "value": 0,
                  "type": "number"
                }
              },
              {
                "type": "get_attr",
                "value": "application_stack"
              },
              {
                "type": "index",
                "value": {
                  "value": 0,
                  "type": "number"
                }
              },
              {
                "type": "get_attr",
                "value": "docker_registry_password"
              }
            ],
            [
              {
                "type": "get_attr",
                "value": "site_credential"
              }
            ]
          ],
          "identity_schema_version": 0,
          "private": "eyJlMmJmYjczMC1lY2FhLTExZTYtOGY4OC0zNDM2M2JjN2M0YzAiOnsiY3JlYXRlIjoxODAwMDAwMDAwMDAwLCJkZWxldGUiOjE4MDAwMDAwMDAwMDAsInJlYWQiOjMwMDAwMDAwMDAwMCwidXBkYXRlIjoxODAwMDAwMDAwMDAwfSwic2NoZW1hX3ZlcnNpb24iOiIxIn0=",
          "dependencies": [
            "azurerm_application_insights.appinsights",
            "azurerm_resource_group.rg",
            "azurerm_service_plan.app_plan"
          ]
        }
      ]
    },
    {
      "mode": "managed",
      "type": "azurerm_resource_group",
      "name": "rg",
      "provider": "provider[\"registry.terraform.io/hashicorp/azurerm\"]",
      "instances": [
        {
          "schema_version": 0,
          "attributes": {
            "id": "/subscriptions/ca3df25a-1f5d-482a-8e7a-9db49cf05af6/resourceGroups/rg-mycontacts-api",
            "location": "eastus",
            "managed_by": "",
            "name": "rg-mycontacts-api",
            "tags": null,
            "timeouts": null
          },
          "sensitive_attributes": [],
          "identity_schema_version": 0,
          "private": "eyJlMmJmYjczMC1lY2FhLTExZTYtOGY4OC0zNDM2M2JjN2M0YzAiOnsiY3JlYXRlIjo1NDAwMDAwMDAwMDAwLCJkZWxldGUiOjU0MDAwMDAwMDAwMDAsInJlYWQiOjMwMDAwMDAwMDAwMCwidXBkYXRlIjo1NDAwMDAwMDAwMDAwfX0="
        }
      ]
    },
    {
      "mode": "managed",
      "type": "azurerm_service_plan",
      "name": "app_plan",
      "provider": "provider[\"registry.terraform.io/hashicorp/azurerm\"]",
      "instances": [
        {
          "schema_version": 1,
          "attributes": {
            "app_service_environment_id": "",
            "id": "/subscriptions/ca3df25a-1f5d-482a-8e7a-9db49cf05af6/resourceGroups/rg-mycontacts-api/providers/Microsoft.Web/serverFarms/plan-mycontacts-api",
            "kind": "linux",
            "location": "eastus",
            "maximum_elastic_worker_count": 1,
            "name": "plan-mycontacts-api",
            "os_type": "Linux",
            "per_site_scaling_enabled": false,
            "reserved": true,
            "resource_group_name": "rg-mycontacts-api",
            "sku_name": "B1",
            "tags": null,
            "timeouts": null,
            "worker_count": 1,
            "zone_balancing_enabled": false
          },
          "sensitive_attributes": [],
          "identity_schema_version": 0,
          "private": "eyJlMmJmYjczMC1lY2FhLTExZTYtOGY4OC0zNDM2M2JjN2M0YzAiOnsiY3JlYXRlIjozNjAwMDAwMDAwMDAwLCJkZWxldGUiOjM2MDAwMDAwMDAwMDAsInJlYWQiOjMwMDAwMDAwMDAwMCwidXBkYXRlIjozNjAwMDAwMDAwMDAwfSwic2NoZW1hX3ZlcnNpb24iOiIxIn0=",
          "dependencies": [
            "azurerm_resource_group.rg"
          ]
        }
      ]
    }
  ],
  "check_results": null
}
